
Microsoft Visual Studio Solution File, Format Version 12.00
# Visual Studio Version 16
VisualStudioVersion = 16.0.29613.14
MinimumVisualStudioVersion = 10.0.40219.1
Project("{8BC9CEB8-8B4A-11D0-8D11-00A0C91BC942}") = "BoostAsioLatencyTest", "BoostAsioLatencyTest\BoostAsioLatencyTest.vcxproj", "{B9ACCD8F-94FD-449D-B130-C7E4A26C92E8}"
EndProject
Global
	GlobalSection(SolutionConfigurationPlatforms) = preSolution
		Debug|x64 = Debug|x64
		Debug|x86 = Debug|x86
		Release|x64 = Release|x64
		Release|x86 = Release|x86
	EndGlobalSection
	GlobalSection(ProjectConfigurationPlatforms) = postSolution
		{B9ACCD8F-94FD-449D-B130-C7E4A26C92E8}.Debug|x64.ActiveCfg = Debug|x64
		{B9ACCD8F-94FD-449D-B130-C7E4A26C92E8}.Debug|x64.Build.0 = Debug|x64
		{B9ACCD8F-94FD-449D-B130-C7E4A26C92E8}.Debug|x86.ActiveCfg = Debug|Win32
		{B9ACCD8F-94FD-449D-B130-C7E4A26C92E8}.Debug|x86.Build.0 = Debug|Win32
		{B9ACCD8F-94FD-449D-B130-C7E4A26C92E8}.Release|x64.ActiveCfg = Release|x64
		{B9ACCD8F-94FD-449D-B130-C7E4A26C92E8}.Release|x64.Build.0 = Release|x64
		{B9ACCD8F-94FD-449D-B130-C7E4A26C92E8}.Release|x86.ActiveCfg = Release|Win32
		{B9ACCD8F-94FD-449D-B130-C7E4A26C92E8}.Release|x86.Build.0 = Release|Win32
	EndGlobalSection
	GlobalSection(SolutionProperties) = preSolution
		HideSolutionNode = FALSE
	EndGlobalSection
	GlobalSection(ExtensibilityGlobals) = postSolution
		SolutionGuid = {9EF4C600-3291-4899-AC6A-2ADB1407191D}
	EndGlobalSection
EndGlobal
